
Microsoft Visual Studio Solution File, Format Version 12.00
# Visual Studio 15
VisualStudioVersion = 15.0.26430.15
MinimumVisualStudioVersion = 10.0.40219.1
Project("{FAE04EC0-301F-11D3-BF4B-00C04F79EFBC}") = "HaciendaCañaveralWeb", "HaciendaCañaveralWeb\HaciendaCañaveralWeb.csproj", "{168407B4-C246-488F-B7D6-2A7ACD33CC16}"
EndProject
Project("{FAE04EC0-301F-11D3-BF4B-00C04F79EFBC}") = "HaciendaCañaveralLibrary", "HaciendaCañaveralLibrary\HaciendaCañaveralLibrary.csproj", "{0DFBA449-9A9D-4D47-BC3E-657E3DCB58DD}"
EndProject
Global
	GlobalSection(SolutionConfigurationPlatforms) = preSolution
		Debug|Any CPU = Debug|Any CPU
		Release|Any CPU = Release|Any CPU
	EndGlobalSection
	GlobalSection(ProjectConfigurationPlatforms) = postSolution
		{168407B4-C246-488F-B7D6-2A7ACD33CC16}.Debug|Any CPU.ActiveCfg = Debug|Any CPU
		{168407B4-C246-488F-B7D6-2A7ACD33CC16}.Debug|Any CPU.Build.0 = Debug|Any CPU
		{168407B4-C246-488F-B7D6-2A7ACD33CC16}.Release|Any CPU.ActiveCfg = Release|Any CPU
		{168407B4-C246-488F-B7D6-2A7ACD33CC16}.Release|Any CPU.Build.0 = Release|Any CPU
		{0DFBA449-9A9D-4D47-BC3E-657E3DCB58DD}.Debug|Any CPU.ActiveCfg = Debug|Any CPU
		{0DFBA449-9A9D-4D47-BC3E-657E3DCB58DD}.Debug|Any CPU.Build.0 = Debug|Any CPU
		{0DFBA449-9A9D-4D47-BC3E-657E3DCB58DD}.Release|Any CPU.ActiveCfg = Release|Any CPU
		{0DFBA449-9A9D-4D47-BC3E-657E3DCB58DD}.Release|Any CPU.Build.0 = Release|Any CPU
	EndGlobalSection
	GlobalSection(SolutionProperties) = preSolution
		HideSolutionNode = FALSE
	EndGlobalSection
EndGlobal
